
Microsoft Visual Studio Solution File, Format Version 12.00
# Visual Studio 2013
VisualStudioVersion = 12.0.21005.1
MinimumVisualStudioVersion = 10.0.40219.1
Project("{FAE04EC0-301F-11D3-BF4B-00C04F79EFBC}") = "BinaryTreeDepthCalc", "BinaryTreeDepthCalc\BinaryTreeDepthCalc.csproj", "{B8B8BF69-57C0-4410-8221-E89A938D5900}"
EndProject
Project("{FAE04EC0-301F-11D3-BF4B-00C04F79EFBC}") = "BinaryTreeTests", "BinaryTreeTests\BinaryTreeTests.csproj", "{76FBA015-8F50-48C1-B629-EC6992A72567}"
EndProject
Global
	GlobalSection(SolutionConfigurationPlatforms) = preSolution
		Debug|Any CPU = Debug|Any CPU
		Release|Any CPU = Release|Any CPU
	EndGlobalSection
	GlobalSection(ProjectConfigurationPlatforms) = postSolution
		{B8B8BF69-57C0-4410-8221-E89A938D5900}.Debug|Any CPU.ActiveCfg = Debug|Any CPU
		{B8B8BF69-57C0-4410-8221-E89A938D5900}.Debug|Any CPU.Build.0 = Debug|Any CPU
		{B8B8BF69-57C0-4410-8221-E89A938D5900}.Release|Any CPU.ActiveCfg = Release|Any CPU
		{B8B8BF69-57C0-4410-8221-E89A938D5900}.Release|Any CPU.Build.0 = Release|Any CPU
		{76FBA015-8F50-48C1-B629-EC6992A72567}.Debug|Any CPU.ActiveCfg = Debug|Any CPU
		{76FBA015-8F50-48C1-B629-EC6992A72567}.Debug|Any CPU.Build.0 = Debug|Any CPU
		{76FBA015-8F50-48C1-B629-EC6992A72567}.Release|Any CPU.ActiveCfg = Release|Any CPU
		{76FBA015-8F50-48C1-B629-EC6992A72567}.Release|Any CPU.Build.0 = Release|Any CPU
	EndGlobalSection
	GlobalSection(SolutionProperties) = preSolution
		HideSolutionNode = FALSE
	EndGlobalSection
EndGlobal
